// !$*UTF8*$!
{
	archiveVersion = 1;
	classes = {
	};
	objectVersion = 55;
	objects = {

/* Begin PBXBuildFile section */
		F859D0052742AC5F00F3D9C9 /* AppDelegate.swift in Sources */ = {isa = PBXBuildFile; fileRef = F859D0042742AC5F00F3D9C9 /* AppDelegate.swift */; };
		F859D0072742AC5F00F3D9C9 /* SceneDelegate.swift in Sources */ = {isa = PBXBuildFile; fileRef = F859D0062742AC5F00F3D9C9 /* SceneDelegate.swift */; };
		F859D0092742AC5F00F3D9C9 /* PasswordGeneratorViewController.swift in Sources */ = {isa = PBXBuildFile; fileRef = F859D0082742AC5F00F3D9C9 /* PasswordGeneratorViewController.swift */; };
		F859D00C2742AC5F00F3D9C9 /* Main.storyboard in Resources */ = {isa = PBXBuildFile; fileRef = F859D00A2742AC5F00F3D9C9 /* Main.storyboard */; };
		F859D00E2742AC6100F3D9C9 /* Assets.xcassets in Resources */ = {isa = PBXBuildFile; fileRef = F859D00D2742AC6100F3D9C9 /* Assets.xcassets */; };
		F859D0112742AC6100F3D9C9 /* LaunchScreen.storyboard in Resources */ = {isa = PBXBuildFile; fileRef = F859D00F2742AC6100F3D9C9 /* LaunchScreen.storyboard */; };
		F859D01B2742C37100F3D9C9 /* NPAttributeSwitch.swift in Sources */ = {isa = PBXBuildFile; fileRef = F859D01A2742C37100F3D9C9 /* NPAttributeSwitch.swift */; };
		F859D0202742C3C800F3D9C9 /* NPTitleLabel.swift in Sources */ = {isa = PBXBuildFile; fileRef = F859D01F2742C3C800F3D9C9 /* NPTitleLabel.swift */; };
		F859D0222742C3EF00F3D9C9 /* NPBodyLabel.swift in Sources */ = {isa = PBXBuildFile; fileRef = F859D0212742C3EF00F3D9C9 /* NPBodyLabel.swift */; };
		F859D0242742C41F00F3D9C9 /* NPButton.swift in Sources */ = {isa = PBXBuildFile; fileRef = F859D0232742C41F00F3D9C9 /* NPButton.swift */; };
		F859D0262742C44F00F3D9C9 /* NPAlertContainerView.swift in Sources */ = {isa = PBXBuildFile; fileRef = F859D0252742C44F00F3D9C9 /* NPAlertContainerView.swift */; };
		F859D0282742C49A00F3D9C9 /* PasswordGeneratorViewModel.swift in Sources */ = {isa = PBXBuildFile; fileRef = F859D0272742C49A00F3D9C9 /* PasswordGeneratorViewModel.swift */; };
		F859D02B2742C55D00F3D9C9 /* PasswordAttribute.swift in Sources */ = {isa = PBXBuildFile; fileRef = F859D02A2742C55D00F3D9C9 /* PasswordAttribute.swift */; };
		F859D02D2742C57C00F3D9C9 /* PasswordBuilder.swift in Sources */ = {isa = PBXBuildFile; fileRef = F859D02C2742C57C00F3D9C9 /* PasswordBuilder.swift */; };
		F859D0302742C63900F3D9C9 /* Constants.swift in Sources */ = {isa = PBXBuildFile; fileRef = F859D02F2742C63900F3D9C9 /* Constants.swift */; };
		F859D0322742C65000F3D9C9 /* HapticEngine.swift in Sources */ = {isa = PBXBuildFile; fileRef = F859D0312742C65000F3D9C9 /* HapticEngine.swift */; };
		F859D0352742C76800F3D9C9 /* UIView+Extensions.swift in Sources */ = {isa = PBXBuildFile; fileRef = F859D0342742C76800F3D9C9 /* UIView+Extensions.swift */; };
		F859D0372742C78900F3D9C9 /* UIFont+Extensions.swift in Sources */ = {isa = PBXBuildFile; fileRef = F859D0362742C78900F3D9C9 /* UIFont+Extensions.swift */; };
		F859D0392742C7D200F3D9C9 /* NPAlertViewController.swift in Sources */ = {isa = PBXBuildFile; fileRef = F859D0382742C7D200F3D9C9 /* NPAlertViewController.swift */; };
/* End PBXBuildFile section */

/* Begin PBXFileReference section */
		F859D0012742AC5F00F3D9C9 /* Password Generator.app */ = {isa = PBXFileReference; explicitFileType = wrapper.application; includeInIndex = 0; path = "Password Generator.app"; sourceTree = BUILT_PRODUCTS_DIR; };
		F859D0042742AC5F00F3D9C9 /* AppDelegate.swift */ = {isa = PBXFileReference; lastKnownFileType = sourcecode.swift; path = AppDelegate.swift; sourceTree = "<group>"; };
		F859D0062742AC5F00F3D9C9 /* SceneDelegate.swift */ = {isa = PBXFileReference; lastKnownFileType = sourcecode.swift; path = SceneDelegate.swift; sourceTree = "<group>"; };
		F859D0082742AC5F00F3D9C9 /* PasswordGeneratorViewController.swift */ = {isa = PBXFileReference; lastKnownFileType = sourcecode.swift; path = PasswordGeneratorViewController.swift; sourceTree = "<group>"; };
		F859D00B2742AC5F00F3D9C9 /* Base */ = {isa = PBXFileReference; lastKnownFileType = file.storyboard; name = Base; path = Base.lproj/Main.storyboard; sourceTree = "<group>"; };
		F859D00D2742AC6100F3D9C9 /* Assets.xcassets */ = {isa = PBXFileReference; lastKnownFileType = folder.assetcatalog; path = Assets.xcassets; sourceTree = "<group>"; };
		F859D0102742AC6100F3D9C9 /* Base */ = {isa = PBXFileReference; lastKnownFileType = file.storyboard; name = Base; path = Base.lproj/LaunchScreen.storyboard; sourceTree = "<group>"; };
		F859D0122742AC6100F3D9C9 /* Info.plist */ = {isa = PBXFileReference; lastKnownFileType = text.plist.xml; path = Info.plist; sourceTree = "<group>"; };
		F859D01A2742C37100F3D9C9 /* NPAttributeSwitch.swift */ = {isa = PBXFileReference; lastKnownFileType = sourcecode.swift; path = NPAttributeSwitch.swift; sourceTree = "<group>"; };
		F859D01F2742C3C800F3D9C9 /* NPTitleLabel.swift */ = {isa = PBXFileReference; lastKnownFileType = sourcecode.swift; path = NPTitleLabel.swift; sourceTree = "<group>"; };
		F859D0212742C3EF00F3D9C9 /* NPBodyLabel.swift */ = {isa = PBXFileReference; lastKnownFileType = sourcecode.swift; path = NPBodyLabel.swift; sourceTree = "<group>"; };
		F859D0232742C41F00F3D9C9 /* NPButton.swift */ = {isa = PBXFileReference; lastKnownFileType = sourcecode.swift; path = NPButton.swift; sourceTree = "<group>"; };
		F859D0252742C44F00F3D9C9 /* NPAlertContainerView.swift */ = {isa = PBXFileReference; lastKnownFileType = sourcecode.swift; path = NPAlertContainerView.swift; sourceTree = "<group>"; };
		F859D0272742C49A00F3D9C9 /* PasswordGeneratorViewModel.swift */ = {isa = PBXFileReference; lastKnownFileType = sourcecode.swift; path = PasswordGeneratorViewModel.swift; sourceTree = "<group>"; };
		F859D02A2742C55D00F3D9C9 /* PasswordAttribute.swift */ = {isa = PBXFileReference; lastKnownFileType = sourcecode.swift; path = PasswordAttribute.swift; sourceTree = "<group>"; };
		F859D02C2742C57C00F3D9C9 /* PasswordBuilder.swift */ = {isa = PBXFileReference; lastKnownFileType = sourcecode.swift; path = PasswordBuilder.swift; sourceTree = "<group>"; };
		F859D02F2742C63900F3D9C9 /* Constants.swift */ = {isa = PBXFileReference; lastKnownFileType = sourcecode.swift; path = Constants.swift; sourceTree = "<group>"; };
		F859D0312742C65000F3D9C9 /* HapticEngine.swift */ = {isa = PBXFileReference; lastKnownFileType = sourcecode.swift; path = HapticEngine.swift; sourceTree = "<group>"; };
		F859D0342742C76800F3D9C9 /* UIView+Extensions.swift */ = {isa = PBXFileReference; lastKnownFileType = sourcecode.swift; path = "UIView+Extensions.swift"; sourceTree = "<group>"; };
		F859D0362742C78900F3D9C9 /* UIFont+Extensions.swift */ = {isa = PBXFileReference; lastKnownFileType = sourcecode.swift; path = "UIFont+Extensions.swift"; sourceTree = "<group>"; };
		F859D0382742C7D200F3D9C9 /* NPAlertViewController.swift */ = {isa = PBXFileReference; lastKnownFileType = sourcecode.swift; path = NPAlertViewController.swift; sourceTree = "<group>"; };
/* End PBXFileReference section */

/* Begin PBXFrameworksBuildPhase section */
		F859CFFE2742AC5F00F3D9C9 /* Frameworks */ = {
			isa = PBXFrameworksBuildPhase;
			buildActionMask = 2147483647;
			files = (
			);
			runOnlyForDeploymentPostprocessing = 0;
		};
/* End PBXFrameworksBuildPhase section */

/* Begin PBXGroup section */
		F859CFF82742AC5F00F3D9C9 = {
			isa = PBXGroup;
			children = (
				F859D0032742AC5F00F3D9C9 /* Password Generator */,
				F859D0022742AC5F00F3D9C9 /* Products */,
			);
			sourceTree = "<group>";
		};
		F859D0022742AC5F00F3D9C9 /* Products */ = {
			isa = PBXGroup;
			children = (
				F859D0012742AC5F00F3D9C9 /* Password Generator.app */,
			);
			name = Products;
			sourceTree = "<group>";
		};
		F859D0032742AC5F00F3D9C9 /* Password Generator */ = {
			isa = PBXGroup;
			children = (
				F859D0332742C74D00F3D9C9 /* Extensions */,
				F859D02E2742C62C00F3D9C9 /* Utils */,
				F859D0292742C55200F3D9C9 /* Models */,
				F859D0182742C33C00F3D9C9 /* Custom Views */,
				F859D0042742AC5F00F3D9C9 /* AppDelegate.swift */,
				F859D0062742AC5F00F3D9C9 /* SceneDelegate.swift */,
				F859D0082742AC5F00F3D9C9 /* PasswordGeneratorViewController.swift */,
				F859D00A2742AC5F00F3D9C9 /* Main.storyboard */,
				F859D00D2742AC6100F3D9C9 /* Assets.xcassets */,
				F859D00F2742AC6100F3D9C9 /* LaunchScreen.storyboard */,
				F859D0122742AC6100F3D9C9 /* Info.plist */,
				F859D0272742C49A00F3D9C9 /* PasswordGeneratorViewModel.swift */,
				F859D0382742C7D200F3D9C9 /* NPAlertViewController.swift */,
			);
			path = "Password Generator";
			sourceTree = "<group>";
		};
		F859D0182742C33C00F3D9C9 /* Custom Views */ = {
			isa = PBXGroup;
			children = (
				F859D01E2742C3A500F3D9C9 /* Views */,
				F859D01D2742C39800F3D9C9 /* Labels */,
				F859D01C2742C39200F3D9C9 /* Buttons */,
				F859D0192742C34D00F3D9C9 /* Switches */,
			);
			path = "Custom Views";
			sourceTree = "<group>";
		};
		F859D0192742C34D00F3D9C9 /* Switches */ = {
			isa = PBXGroup;
			children = (
				F859D01A2742C37100F3D9C9 /* NPAttributeSwitch.swift */,
			);
			path = Switches;
			sourceTree = "<group>";
		};
		F859D01C2742C39200F3D9C9 /* Buttons */ = {
			isa = PBXGroup;
			children = (
				F859D0232742C41F00F3D9C9 /* NPButton.swift */,
			);
			path = Buttons;
			sourceTree = "<group>";
		};
		F859D01D2742C39800F3D9C9 /* Labels */ = {
			isa = PBXGroup;
			children = (
				F859D01F2742C3C800F3D9C9 /* NPTitleLabel.swift */,
				F859D0212742C3EF00F3D9C9 /* NPBodyLabel.swift */,
			);
			path = Labels;
			sourceTree = "<group>";
		};
		F859D01E2742C3A500F3D9C9 /* Views */ = {
			isa = PBXGroup;
			children = (
				F859D0252742C44F00F3D9C9 /* NPAlertContainerView.swift */,
			);
			path = Views;
			sourceTree = "<group>";
		};
		F859D0292742C55200F3D9C9 /* Models */ = {
			isa = PBXGroup;
			children = (
				F859D02A2742C55D00F3D9C9 /* PasswordAttribute.swift */,
				F859D02C2742C57C00F3D9C9 /* PasswordBuilder.swift */,
			);
			path = Models;
			sourceTree = "<group>";
		};
		F859D02E2742C62C00F3D9C9 /* Utils */ = {
			isa = PBXGroup;
			children = (
				F859D02F2742C63900F3D9C9 /* Constants.swift */,
				F859D0312742C65000F3D9C9 /* HapticEngine.swift */,
			);
			path = Utils;
			sourceTree = "<group>";
		};
		F859D0332742C74D00F3D9C9 /* Extensions */ = {
			isa = PBXGroup;
			children = (
				F859D0342742C76800F3D9C9 /* UIView+Extensions.swift */,
				F859D0362742C78900F3D9C9 /* UIFont+Extensions.swift */,
			);
			path = Extensions;
			sourceTree = "<group>";
		};
/* End PBXGroup section */

/* Begin PBXNativeTarget section */
		F859D0002742AC5F00F3D9C9 /* Password Generator */ = {
			isa = PBXNativeTarget;
			buildConfigurationList = F859D0152742AC6100F3D9C9 /* Build configuration list for PBXNativeTarget "Password Generator" */;
			buildPhases = (
				F859CFFD2742AC5F00F3D9C9 /* Sources */,
				F859CFFE2742AC5F00F3D9C9 /* Frameworks */,
				F859CFFF2742AC5F00F3D9C9 /* Resources */,
			);
			buildRules = (
			);
			dependencies = (
			);
			name = "Password Generator";
			productName = "Password Generator";
			productReference = F859D0012742AC5F00F3D9C9 /* Password Generator.app */;
			productType = "com.apple.product-type.application";
		};
/* End PBXNativeTarget section */

/* Begin PBXProject section */
		F859CFF92742AC5F00F3D9C9 /* Project object */ = {
			isa = PBXProject;
			attributes = {
				BuildIndependentTargetsInParallel = 1;
				LastSwiftUpdateCheck = 1310;
				LastUpgradeCheck = 1310;
				TargetAttributes = {
					F859D0002742AC5F00F3D9C9 = {
						CreatedOnToolsVersion = 13.1;
					};
				};
			};
			buildConfigurationList = F859CFFC2742AC5F00F3D9C9 /* Build configuration list for PBXProject "Password Generator" */;
			compatibilityVersion = "Xcode 13.0";
			developmentRegion = en;
			hasScannedForEncodings = 0;
			knownRegions = (
				en,
				Base,
			);
			mainGroup = F859CFF82742AC5F00F3D9C9;
			productRefGroup = F859D0022742AC5F00F3D9C9 /* Products */;
			projectDirPath = "";
			projectRoot = "";
			targets = (
				F859D0002742AC5F00F3D9C9 /* Password Generator */,
			);
		};
/* End PBXProject section */

/* Begin PBXResourcesBuildPhase section */
		F859CFFF2742AC5F00F3D9C9 /* Resources */ = {
			isa = PBXResourcesBuildPhase;
			buildActionMask = 2147483647;
			files = (
				F859D0112742AC6100F3D9C9 /* LaunchScreen.storyboard in Resources */,
				F859D00E2742AC6100F3D9C9 /* Assets.xcassets in Resources */,
				F859D00C2742AC5F00F3D9C9 /* Main.storyboard in Resources */,
			);
			runOnlyForDeploymentPostprocessing = 0;
		};
/* End PBXResourcesBuildPhase section */

/* Begin PBXSourcesBuildPhase section */
		F859CFFD2742AC5F00F3D9C9 /* Sources */ = {
			isa = PBXSourcesBuildPhase;
			buildActionMask = 2147483647;
			files = (
				F859D0352742C76800F3D9C9 /* UIView+Extensions.swift in Sources */,
				F859D0092742AC5F00F3D9C9 /* PasswordGeneratorViewController.swift in Sources */,
				F859D0262742C44F00F3D9C9 /* NPAlertContainerView.swift in Sources */,
				F859D0052742AC5F00F3D9C9 /* AppDelegate.swift in Sources */,
				F859D0242742C41F00F3D9C9 /* NPButton.swift in Sources */,
				F859D02D2742C57C00F3D9C9 /* PasswordBuilder.swift in Sources */,
				F859D0322742C65000F3D9C9 /* HapticEngine.swift in Sources */,
				F859D0222742C3EF00F3D9C9 /* NPBodyLabel.swift in Sources */,
				F859D01B2742C37100F3D9C9 /* NPAttributeSwitch.swift in Sources */,
				F859D0202742C3C800F3D9C9 /* NPTitleLabel.swift in Sources */,
				F859D02B2742C55D00F3D9C9 /* PasswordAttribute.swift in Sources */,
				F859D0392742C7D200F3D9C9 /* NPAlertViewController.swift in Sources */,
				F859D0282742C49A00F3D9C9 /* PasswordGeneratorViewModel.swift in Sources */,
				F859D0072742AC5F00F3D9C9 /* SceneDelegate.swift in Sources */,
				F859D0372742C78900F3D9C9 /* UIFont+Extensions.swift in Sources */,
				F859D0302742C63900F3D9C9 /* Constants.swift in Sources */,
			);
			runOnlyForDeploymentPostprocessing = 0;
		};
/* End PBXSourcesBuildPhase section */

/* Begin PBXVariantGroup section */
		F859D00A2742AC5F00F3D9C9 /* Main.storyboard */ = {
			isa = PBXVariantGroup;
			children = (
				F859D00B2742AC5F00F3D9C9 /* Base */,
			);
			name = Main.storyboard;
			sourceTree = "<group>";
		};
		F859D00F2742AC6100F3D9C9 /* LaunchScreen.storyboard */ = {
			isa = PBXVariantGroup;
			children = (
				F859D0102742AC6100F3D9C9 /* Base */,
			);
			name = LaunchScreen.storyboard;
			sourceTree = "<group>";
		};
/* End PBXVariantGroup section */

/* Begin XCBuildConfiguration section */
		F859D0132742AC6100F3D9C9 /* Debug */ = {
			isa = XCBuildConfiguration;
			buildSettings = {
				ALWAYS_SEARCH_USER_PATHS = NO;
				CLANG_ANALYZER_NONNULL = YES;
				CLANG_ANALYZER_NUMBER_OBJECT_CONVERSION = YES_AGGRESSIVE;
				CLANG_CXX_LANGUAGE_STANDARD = "gnu++17";
				CLANG_CXX_LIBRARY = "libc++";
				CLANG_ENABLE_MODULES = YES;
				CLANG_ENABLE_OBJC_ARC = YES;
				CLANG_ENABLE_OBJC_WEAK = YES;
				CLANG_WARN_BLOCK_CAPTURE_AUTORELEASING = YES;
				CLANG_WARN_BOOL_CONVERSION = YES;
				CLANG_WARN_COMMA = YES;
				CLANG_WARN_CONSTANT_CONVERSION = YES;
				CLANG_WARN_DEPRECATED_OBJC_IMPLEMENTATIONS = YES;
				CLANG_WARN_DIRECT_OBJC_ISA_USAGE = YES_ERROR;
				CLANG_WARN_DOCUMENTATION_COMMENTS = YES;
				CLANG_WARN_EMPTY_BODY = YES;
				CLANG_WARN_ENUM_CONVERSION = YES;
				CLANG_WARN_INFINITE_RECURSION = YES;
				CLANG_WARN_INT_CONVERSION = YES;
				CLANG_WARN_NON_LITERAL_NULL_CONVERSION = YES;
				CLANG_WARN_OBJC_IMPLICIT_RETAIN_SELF = YES;
				CLANG_WARN_OBJC_LITERAL_CONVERSION = YES;
				CLANG_WARN_OBJC_ROOT_CLASS = YES_ERROR;
				CLANG_WARN_QUOTED_INCLUDE_IN_FRAMEWORK_HEADER = YES;
				CLANG_WARN_RANGE_LOOP_ANALYSIS = YES;
				CLANG_WARN_STRICT_PROTOTYPES = YES;
				CLANG_WARN_SUSPICIOUS_MOVE = YES;
				CLANG_WARN_UNGUARDED_AVAILABILITY = YES_AGGRESSIVE;
				CLANG_WARN_UNREACHABLE_CODE = YES;
				CLANG_WARN__DUPLICATE_METHOD_MATCH = YES;
				COPY_PHASE_STRIP = NO;
				DEBUG_INFORMATION_FORMAT = dwarf;
				ENABLE_STRICT_OBJC_MSGSEND = YES;
				ENABLE_TESTABILITY = YES;
				GCC_C_LANGUAGE_STANDARD = gnu11;
				GCC_DYNAMIC_NO_PIC = NO;
				GCC_NO_COMMON_BLOCKS = YES;
				GCC_OPTIMIZATION_LEVEL = 0;
				GCC_PREPROCESSOR_DEFINITIONS = (
					"DEBUG=1",
					"$(inherited)",
				);
				GCC_WARN_64_TO_32_BIT_CONVERSION = YES;
				GCC_WARN_ABOUT_RETURN_TYPE = YES_ERROR;
				GCC_WARN_UNDECLARED_SELECTOR = YES;
				GCC_WARN_UNINITIALIZED_AUTOS = YES_AGGRESSIVE;
				GCC_WARN_UNUSED_FUNCTION = YES;
				GCC_WARN_UNUSED_VARIABLE = YES;
				IPHONEOS_DEPLOYMENT_TARGET = 13.0;
				MTL_ENABLE_DEBUG_INFO = INCLUDE_SOURCE;
				MTL_FAST_MATH = YES;
				ONLY_ACTIVE_ARCH = YES;
				SDKROOT = iphoneos;
				SWIFT_ACTIVE_COMPILATION_CONDITIONS = DEBUG;
				SWIFT_OPTIMIZATION_LEVEL = "-Onone";
			};
			name = Debug;
		};
		F859D0142742AC6100F3D9C9 /* Release */ = {
			isa = XCBuildConfiguration;
			buildSettings = {
				ALWAYS_SEARCH_USER_PATHS = NO;
				CLANG_ANALYZER_NONNULL = YES;
				CLANG_ANALYZER_NUMBER_OBJECT_CONVERSION = YES_AGGRESSIVE;
				CLANG_CXX_LANGUAGE_STANDARD = "gnu++17";
				CLANG_CXX_LIBRARY = "libc++";
				CLANG_ENABLE_MODULES = YES;
				CLANG_ENABLE_OBJC_ARC = YES;
				CLANG_ENABLE_OBJC_WEAK = YES;
				CLANG_WARN_BLOCK_CAPTURE_AUTORELEASING = YES;
				CLANG_WARN_BOOL_CONVERSION = YES;
				CLANG_WARN_COMMA = YES;
				CLANG_WARN_CONSTANT_CONVERSION = YES;
				CLANG_WARN_DEPRECATED_OBJC_IMPLEMENTATIONS = YES;
				CLANG_WARN_DIRECT_OBJC_ISA_USAGE = YES_ERROR;
				CLANG_WARN_DOCUMENTATION_COMMENTS = YES;
				CLANG_WARN_EMPTY_BODY = YES;
				CLANG_WARN_ENUM_CONVERSION = YES;
				CLANG_WARN_INFINITE_RECURSION = YES;
				CLANG_WARN_INT_CONVERSION = YES;
				CLANG_WARN_NON_LITERAL_NULL_CONVERSION = YES;
				CLANG_WARN_OBJC_IMPLICIT_RETAIN_SELF = YES;
				CLANG_WARN_OBJC_LITERAL_CONVERSION = YES;
				CLANG_WARN_OBJC_ROOT_CLASS = YES_ERROR;
				CLANG_WARN_QUOTED_INCLUDE_IN_FRAMEWORK_HEADER = YES;
				CLANG_WARN_RANGE_LOOP_ANALYSIS = YES;
				CLANG_WARN_STRICT_PROTOTYPES = YES;
				CLANG_WARN_SUSPICIOUS_MOVE = YES;
				CLANG_WARN_UNGUARDED_AVAILABILITY = YES_AGGRESSIVE;
				CLANG_WARN_UNREACHABLE_CODE = YES;
				CLANG_WARN__DUPLICATE_METHOD_MATCH = YES;
				COPY_PHASE_STRIP = NO;
				DEBUG_INFORMATION_FORMAT = "dwarf-with-dsym";
				ENABLE_NS_ASSERTIONS = NO;
				ENABLE_STRICT_OBJC_MSGSEND = YES;
				GCC_C_LANGUAGE_STANDARD = gnu11;
				GCC_NO_COMMON_BLOCKS = YES;
				GCC_WARN_64_TO_32_BIT_CONVERSION = YES;
				GCC_WARN_ABOUT_RETURN_TYPE = YES_ERROR;
				GCC_WARN_UNDECLARED_SELECTOR = YES;
				GCC_WARN_UNINITIALIZED_AUTOS = YES_AGGRESSIVE;
				GCC_WARN_UNUSED_FUNCTION = YES;
				GCC_WARN_UNUSED_VARIABLE = YES;
				IPHONEOS_DEPLOYMENT_TARGET = 13.0;
				MTL_ENABLE_DEBUG_INFO = NO;
				MTL_FAST_MATH = YES;
				SDKROOT = iphoneos;
				SWIFT_COMPILATION_MODE = wholemodule;
				SWIFT_OPTIMIZATION_LEVEL = "-O";
				VALIDATE_PRODUCT = YES;
			};
			name = Release;
		};
		F859D0162742AC6100F3D9C9 /* Debug */ = {
			isa = XCBuildConfiguration;
			buildSettings = {
				ASSETCATALOG_COMPILER_APPICON_NAME = AppIcon;
				ASSETCATALOG_COMPILER_GLOBAL_ACCENT_COLOR_NAME = AccentColor;
				CODE_SIGN_STYLE = Automatic;
				CURRENT_PROJECT_VERSION = 1;
				DEVELOPMENT_TEAM = KAGN6QWM5J;
				GENERATE_INFOPLIST_FILE = YES;
				INFOPLIST_FILE = "Password Generator/Info.plist";
				INFOPLIST_KEY_UIApplicationSupportsIndirectInputEvents = YES;
				INFOPLIST_KEY_UILaunchStoryboardName = LaunchScreen;
				INFOPLIST_KEY_UIMainStoryboardFile = Main;
				INFOPLIST_KEY_UISupportedInterfaceOrientations = UIInterfaceOrientationPortrait;
				INFOPLIST_KEY_UISupportedInterfaceOrientations_iPad = "UIInterfaceOrientationPortrait UIInterfaceOrientationPortraitUpsideDown UIInterfaceOrientationLandscapeLeft UIInterfaceOrientationLandscapeRight";
				INFOPLIST_KEY_UISupportedInterfaceOrientations_iPhone = "UIInterfaceOrientationPortrait UIInterfaceOrientationLandscapeLeft UIInterfaceOrientationLandscapeRight";
				IPHONEOS_DEPLOYMENT_TARGET = 13.0;
				LD_RUNPATH_SEARCH_PATHS = (
					"$(inherited)",
					"@executable_path/Frameworks",
				);
				MARKETING_VERSION = 1.0;
				PRODUCT_BUNDLE_IDENTIFIER = "com.wylde.Password-Generator";
				PRODUCT_NAME = "$(TARGET_NAME)";
				SWIFT_EMIT_LOC_STRINGS = YES;
				SWIFT_VERSION = 5.0;
				TARGETED_DEVICE_FAMILY = 1;
			};
			name = Debug;
		};
		F859D0172742AC6100F3D9C9 /* Release */ = {
			isa = XCBuildConfiguration;
			buildSettings = {
				ASSETCATALOG_COMPILER_APPICON_NAME = AppIcon;
				ASSETCATALOG_COMPILER_GLOBAL_ACCENT_COLOR_NAME = AccentColor;
				CODE_SIGN_STYLE = Automatic;
				CURRENT_PROJECT_VERSION = 1;
				DEVELOPMENT_TEAM = KAGN6QWM5J;
				GENERATE_INFOPLIST_FILE = YES;
				INFOPLIST_FILE = "Password Generator/Info.plist";
				INFOPLIST_KEY_UIApplicationSupportsIndirectInputEvents = YES;
				INFOPLIST_KEY_UILaunchStoryboardName = LaunchScreen;
				INFOPLIST_KEY_UIMainStoryboardFile = Main;
				INFOPLIST_KEY_UISupportedInterfaceOrientations = UIInterfaceOrientationPortrait;
				INFOPLIST_KEY_UISupportedInterfaceOrientations_iPad = "UIInterfaceOrientationPortrait UIInterfaceOrientationPortraitUpsideDown UIInterfaceOrientationLandscapeLeft UIInterfaceOrientationLandscapeRight";
				INFOPLIST_KEY_UISupportedInterfaceOrientations_iPhone = "UIInterfaceOrientationPortrait UIInterfaceOrientationLandscapeLeft UIInterfaceOrientationLandscapeRight";
				IPHONEOS_DEPLOYMENT_TARGET = 13.0;
				LD_RUNPATH_SEARCH_PATHS = (
					"$(inherited)",
					"@executable_path/Frameworks",
				);
				MARKETING_VERSION = 1.0;
				PRODUCT_BUNDLE_IDENTIFIER = "com.wylde.Password-Generator";
				PRODUCT_NAME = "$(TARGET_NAME)";
				SWIFT_EMIT_LOC_STRINGS = YES;
				SWIFT_VERSION = 5.0;
				TARGETED_DEVICE_FAMILY = 1;
			};
			name = Release;
		};
/* End XCBuildConfiguration section */

/* Begin XCConfigurationList section */
		F859CFFC2742AC5F00F3D9C9 /* Build configuration list for PBXProject "Password Generator" */ = {
			isa = XCConfigurationList;
			buildConfigurations = (
				F859D0132742AC6100F3D9C9 /* Debug */,
				F859D0142742AC6100F3D9C9 /* Release */,
			);
			defaultConfigurationIsVisible = 0;
			defaultConfigurationName = Release;
		};
		F859D0152742AC6100F3D9C9 /* Build configuration list for PBXNativeTarget "Password Generator" */ = {
			isa = XCConfigurationList;
			buildConfigurations = (
				F859D0162742AC6100F3D9C9 /* Debug */,
				F859D0172742AC6100F3D9C9 /* Release */,
			);
			defaultConfigurationIsVisible = 0;
			defaultConfigurationName = Release;
		};
/* End XCConfigurationList section */
	};
	rootObject = F859CFF92742AC5F00F3D9C9 /* Project object */;
}
